
Microsoft Visual Studio Solution File, Format Version 12.00
# Visual Studio 14
VisualStudioVersion = 14.0.23107.0
MinimumVisualStudioVersion = 10.0.40219.1
Project("{FAE04EC0-301F-11D3-BF4B-00C04F79EFBC}") = "Aglaia.UI", "Aglaia.UI\Aglaia.UI.csproj", "{89486353-BD11-4790-8237-DF74C03C090A}"
EndProject
Project("{FAE04EC0-301F-11D3-BF4B-00C04F79EFBC}") = "Aglaia.Data", "Aglaia.Data\Aglaia.Data.csproj", "{0D87EAEF-6946-4A2D-9499-4A9B266D1ACE}"
EndProject
Project("{FAE04EC0-301F-11D3-BF4B-00C04F79EFBC}") = "Aglaia.Model", "Aglaia.Model\Aglaia.Model.csproj", "{1C9262C0-ADF5-4D63-B619-5CD375150C68}"
EndProject
Project("{E24C65DC-7377-472B-9ABA-BC803B73C61A}") = "Aglaia.CEMS", "Aglaia.CEMS\", "{FC29246D-0782-4445-8051-EC9C8F483935}"
	ProjectSection(WebsiteProperties) = preProject
		TargetFrameworkMoniker = ".NETFramework,Version%3Dv4.5.2"
		Debug.AspNetCompiler.VirtualPath = "/localhost_41907"
		Debug.AspNetCompiler.PhysicalPath = "Aglaia.CEMS\"
		Debug.AspNetCompiler.TargetPath = "PrecompiledWeb\localhost_41907\"
		Debug.AspNetCompiler.Updateable = "true"
		Debug.AspNetCompiler.ForceOverwrite = "true"
		Debug.AspNetCompiler.FixedNames = "false"
		Debug.AspNetCompiler.Debug = "True"
		Release.AspNetCompiler.VirtualPath = "/localhost_41907"
		Release.AspNetCompiler.PhysicalPath = "Aglaia.CEMS\"
		Release.AspNetCompiler.TargetPath = "PrecompiledWeb\localhost_41907\"
		Release.AspNetCompiler.Updateable = "true"
		Release.AspNetCompiler.ForceOverwrite = "true"
		Release.AspNetCompiler.FixedNames = "false"
		Release.AspNetCompiler.Debug = "False"
		VWDPort = "41907"
		SlnRelativePath = "Aglaia.CEMS\"
		DefaultWebSiteLanguage = "Visual C#"
	EndProjectSection
EndProject
Project("{FAE04EC0-301F-11D3-BF4B-00C04F79EFBC}") = "Aglaia.API", "Aglaia.API\Aglaia.API.csproj", "{0D687F41-C0FF-4EE3-9675-846396239173}"
EndProject
Global
	GlobalSection(SolutionConfigurationPlatforms) = preSolution
		Debug|Any CPU = Debug|Any CPU
		Release|Any CPU = Release|Any CPU
	EndGlobalSection
	GlobalSection(ProjectConfigurationPlatforms) = postSolution
		{89486353-BD11-4790-8237-DF74C03C090A}.Debug|Any CPU.ActiveCfg = Debug|Any CPU
		{89486353-BD11-4790-8237-DF74C03C090A}.Debug|Any CPU.Build.0 = Debug|Any CPU
		{89486353-BD11-4790-8237-DF74C03C090A}.Release|Any CPU.ActiveCfg = Release|Any CPU
		{89486353-BD11-4790-8237-DF74C03C090A}.Release|Any CPU.Build.0 = Release|Any CPU
		{0D87EAEF-6946-4A2D-9499-4A9B266D1ACE}.Debug|Any CPU.ActiveCfg = Debug|Any CPU
		{0D87EAEF-6946-4A2D-9499-4A9B266D1ACE}.Debug|Any CPU.Build.0 = Debug|Any CPU
		{0D87EAEF-6946-4A2D-9499-4A9B266D1ACE}.Release|Any CPU.ActiveCfg = Release|Any CPU
		{0D87EAEF-6946-4A2D-9499-4A9B266D1ACE}.Release|Any CPU.Build.0 = Release|Any CPU
		{1C9262C0-ADF5-4D63-B619-5CD375150C68}.Debug|Any CPU.ActiveCfg = Debug|Any CPU
		{1C9262C0-ADF5-4D63-B619-5CD375150C68}.Debug|Any CPU.Build.0 = Debug|Any CPU
		{1C9262C0-ADF5-4D63-B619-5CD375150C68}.Release|Any CPU.ActiveCfg = Release|Any CPU
		{1C9262C0-ADF5-4D63-B619-5CD375150C68}.Release|Any CPU.Build.0 = Release|Any CPU
		{FC29246D-0782-4445-8051-EC9C8F483935}.Debug|Any CPU.ActiveCfg = Debug|Any CPU
		{FC29246D-0782-4445-8051-EC9C8F483935}.Debug|Any CPU.Build.0 = Debug|Any CPU
		{FC29246D-0782-4445-8051-EC9C8F483935}.Release|Any CPU.ActiveCfg = Debug|Any CPU
		{FC29246D-0782-4445-8051-EC9C8F483935}.Release|Any CPU.Build.0 = Debug|Any CPU
		{0D687F41-C0FF-4EE3-9675-846396239173}.Debug|Any CPU.ActiveCfg = Debug|Any CPU
		{0D687F41-C0FF-4EE3-9675-846396239173}.Debug|Any CPU.Build.0 = Debug|Any CPU
		{0D687F41-C0FF-4EE3-9675-846396239173}.Release|Any CPU.ActiveCfg = Release|Any CPU
		{0D687F41-C0FF-4EE3-9675-846396239173}.Release|Any CPU.Build.0 = Release|Any CPU
	EndGlobalSection
	GlobalSection(SolutionProperties) = preSolution
		HideSolutionNode = FALSE
	EndGlobalSection
EndGlobal
